
Microsoft Visual Studio Solution File, Format Version 12.00
# Visual Studio Version 17
VisualStudioVersion = 17.11.35327.3
MinimumVisualStudioVersion = 10.0.40219.1
Project("{9A19103F-16F7-4668-BE54-9A1E7A4F7556}") = "backend", "backend\backend.csproj", "{F063435F-4BD8-4034-BB27-B96F73B80CF5}"
EndProject
Project("{9A19103F-16F7-4668-BE54-9A1E7A4F7556}") = "BackendDataAccess", "BackendDataAcces\BackendDataAccess.csproj", "{18CEACFD-E8FD-4FEC-AF17-354C5D433B5B}"
EndProject
Project("{FAE04EC0-301F-11D3-BF4B-00C04F79EFBC}") = "BackendModels", "BackendModels\BackendModels.csproj", "{69051C58-7423-16DE-0C9F-5DBBAC375290}"
EndProject
Project("{2150E333-8FDC-42A3-9474-1A3956D46DE8}") = "Элементы решения", "Элементы решения", "{754FC069-D67B-A9D7-50A1-8D1CA196D8F1}"
	ProjectSection(SolutionItems) = preProject
		docker-compose.yml = docker-compose.yml
	EndProjectSection
EndProject
Project("{FAE04EC0-301F-11D3-BF4B-00C04F79EFBC}") = "BackendTests", "BackendTests\BackendTests.csproj", "{209CB308-3BF0-4268-86D6-C9B16A5DE6D0}"
EndProject
Global
	GlobalSection(SolutionConfigurationPlatforms) = preSolution
		Debug|Any CPU = Debug|Any CPU
		Release|Any CPU = Release|Any CPU
	EndGlobalSection
	GlobalSection(ProjectConfigurationPlatforms) = postSolution
		{F063435F-4BD8-4034-BB27-B96F73B80CF5}.Debug|Any CPU.ActiveCfg = Debug|Any CPU
		{F063435F-4BD8-4034-BB27-B96F73B80CF5}.Debug|Any CPU.Build.0 = Debug|Any CPU
		{F063435F-4BD8-4034-BB27-B96F73B80CF5}.Release|Any CPU.ActiveCfg = Release|Any CPU
		{F063435F-4BD8-4034-BB27-B96F73B80CF5}.Release|Any CPU.Build.0 = Release|Any CPU
		{18CEACFD-E8FD-4FEC-AF17-354C5D433B5B}.Debug|Any CPU.ActiveCfg = Debug|Any CPU
		{18CEACFD-E8FD-4FEC-AF17-354C5D433B5B}.Debug|Any CPU.Build.0 = Debug|Any CPU
		{18CEACFD-E8FD-4FEC-AF17-354C5D433B5B}.Release|Any CPU.ActiveCfg = Release|Any CPU
		{18CEACFD-E8FD-4FEC-AF17-354C5D433B5B}.Release|Any CPU.Build.0 = Release|Any CPU
		{69051C58-7423-16DE-0C9F-5DBBAC375290}.Debug|Any CPU.ActiveCfg = Debug|Any CPU
		{69051C58-7423-16DE-0C9F-5DBBAC375290}.Debug|Any CPU.Build.0 = Debug|Any CPU
		{69051C58-7423-16DE-0C9F-5DBBAC375290}.Release|Any CPU.ActiveCfg = Release|Any CPU
		{69051C58-7423-16DE-0C9F-5DBBAC375290}.Release|Any CPU.Build.0 = Release|Any CPU
		{209CB308-3BF0-4268-86D6-C9B16A5DE6D0}.Debug|Any CPU.ActiveCfg = Debug|Any CPU
		{209CB308-3BF0-4268-86D6-C9B16A5DE6D0}.Debug|Any CPU.Build.0 = Debug|Any CPU
		{209CB308-3BF0-4268-86D6-C9B16A5DE6D0}.Release|Any CPU.ActiveCfg = Release|Any CPU
		{209CB308-3BF0-4268-86D6-C9B16A5DE6D0}.Release|Any CPU.Build.0 = Release|Any CPU
	EndGlobalSection
	GlobalSection(SolutionProperties) = preSolution
		HideSolutionNode = FALSE
	EndGlobalSection
	GlobalSection(ExtensibilityGlobals) = postSolution
		SolutionGuid = {8805D1B9-8FAF-4CBC-A6FD-E8EEBD00B850}
	EndGlobalSection
EndGlobal
